
Microsoft Visual Studio Solution File, Format Version 12.00
# Visual Studio 15
VisualStudioVersion = 15.0.28010.2050
MinimumVisualStudioVersion = 10.0.40219.1
Project("{FAE04EC0-301F-11D3-BF4B-00C04F79EFBC}") = "HomeWork", "HomeWork\HomeWork.csproj", "{5E31B562-6E11-4985-8D59-55E53EF1E566}"
EndProject
Project("{FAE04EC0-301F-11D3-BF4B-00C04F79EFBC}") = "hw1", "hw1\hw1.csproj", "{0791CA0A-29E8-46DF-9193-946AEC5D13BE}"
EndProject
Project("{FAE04EC0-301F-11D3-BF4B-00C04F79EFBC}") = "hw3", "hw3\hw3.csproj", "{9E817A2C-08C1-4504-B357-C6521FDADE34}"
EndProject
Global
	GlobalSection(SolutionConfigurationPlatforms) = preSolution
		Debug|Any CPU = Debug|Any CPU
		Release|Any CPU = Release|Any CPU
	EndGlobalSection
	GlobalSection(ProjectConfigurationPlatforms) = postSolution
		{5E31B562-6E11-4985-8D59-55E53EF1E566}.Debug|Any CPU.ActiveCfg = Debug|Any CPU
		{5E31B562-6E11-4985-8D59-55E53EF1E566}.Debug|Any CPU.Build.0 = Debug|Any CPU
		{5E31B562-6E11-4985-8D59-55E53EF1E566}.Release|Any CPU.ActiveCfg = Release|Any CPU
		{5E31B562-6E11-4985-8D59-55E53EF1E566}.Release|Any CPU.Build.0 = Release|Any CPU
		{0791CA0A-29E8-46DF-9193-946AEC5D13BE}.Debug|Any CPU.ActiveCfg = Debug|Any CPU
		{0791CA0A-29E8-46DF-9193-946AEC5D13BE}.Debug|Any CPU.Build.0 = Debug|Any CPU
		{0791CA0A-29E8-46DF-9193-946AEC5D13BE}.Release|Any CPU.ActiveCfg = Release|Any CPU
		{0791CA0A-29E8-46DF-9193-946AEC5D13BE}.Release|Any CPU.Build.0 = Release|Any CPU
		{9E817A2C-08C1-4504-B357-C6521FDADE34}.Debug|Any CPU.ActiveCfg = Debug|Any CPU
		{9E817A2C-08C1-4504-B357-C6521FDADE34}.Debug|Any CPU.Build.0 = Debug|Any CPU
		{9E817A2C-08C1-4504-B357-C6521FDADE34}.Release|Any CPU.ActiveCfg = Release|Any CPU
		{9E817A2C-08C1-4504-B357-C6521FDADE34}.Release|Any CPU.Build.0 = Release|Any CPU
	EndGlobalSection
	GlobalSection(SolutionProperties) = preSolution
		HideSolutionNode = FALSE
	EndGlobalSection
	GlobalSection(ExtensibilityGlobals) = postSolution
		SolutionGuid = {72E8263F-EDAE-41C7-AD07-38D2D1053AA6}
	EndGlobalSection
EndGlobal
